
<Solution>
    <Folder Name="/samples/">
        <Project Path="samples/CodeModel/CodeModel.csproj" />
        <Project Path="samples/disassemble/disassemble.csproj" />
        <Project Path="samples/OpCodeTable/OpCodeTable.csproj" />
    </Folder>
    <Folder Name="/src/">
        <Project Path="src/Durchblick/Durchblick.csproj" />
    </Folder>
    <Folder Name="/tests/">
        <Project Path="tests/Durchblick.Tests/Durchblick.Tests.csproj" />
    </Folder>
</Solution>